// !$*UTF8*$!
{
	archiveVersion = 1;
	classes = {
	};
	objectVersion = 46;
	objects = {

/* Begin PBXBuildFile section */
		5615FC8513D585F2000C8880 /* icon.png in Resources */ = {isa = PBXBuildFile; fileRef = 5615FC8413D585F2000C8880 /* icon.png */; };
		5615FC8813D585F5000C8880 /* icon@2x.png in Resources */ = {isa = PBXBuildFile; fileRef = 5615FC8713D585F5000C8880 /* icon@2x.png */; };
		56216C3B13CEB76800407CA4 /* block_blue.png in Resources */ = {isa = PBXBuildFile; fileRef = 56216C2D13CEB76800407CA4 /* block_blue.png */; };
		56216C3C13CEB76800407CA4 /* block_blue@2x.png in Resources */ = {isa = PBXBuildFile; fileRef = 56216C2E13CEB76800407CA4 /* block_blue@2x.png */; };
		56216C3D13CEB76800407CA4 /* block_green.png in Resources */ = {isa = PBXBuildFile; fileRef = 56216C2F13CEB76800407CA4 /* block_green.png */; };
		56216C3E13CEB76800407CA4 /* block_green@2x.png in Resources */ = {isa = PBXBuildFile; fileRef = 56216C3013CEB76800407CA4 /* block_green@2x.png */; };
		56216C3F13CEB76800407CA4 /* block_orange.png in Resources */ = {isa = PBXBuildFile; fileRef = 56216C3113CEB76800407CA4 /* block_orange.png */; };
		56216C4013CEB76800407CA4 /* block_orange@2x.png in Resources */ = {isa = PBXBuildFile; fileRef = 56216C3213CEB76800407CA4 /* block_orange@2x.png */; };
		56216C4113CEB76800407CA4 /* block_purple.png in Resources */ = {isa = PBXBuildFile; fileRef = 56216C3313CEB76800407CA4 /* block_purple.png */; };
		56216C4213CEB76800407CA4 /* block_purple@2x.png in Resources */ = {isa = PBXBuildFile; fileRef = 56216C3413CEB76800407CA4 /* block_purple@2x.png */; };
		56216C4313CEB76800407CA4 /* block_red.png in Resources */ = {isa = PBXBuildFile; fileRef = 56216C3513CEB76800407CA4 /* block_red.png */; };
		56216C4413CEB76800407CA4 /* block_red@2x.png in Resources */ = {isa = PBXBuildFile; fileRef = 56216C3613CEB76800407CA4 /* block_red@2x.png */; };
		56216C4513CEB76800407CA4 /* block_teal.png in Resources */ = {isa = PBXBuildFile; fileRef = 56216C3713CEB76800407CA4 /* block_teal.png */; };
		56216C4613CEB76800407CA4 /* block_teal@2x.png in Resources */ = {isa = PBXBuildFile; fileRef = 56216C3813CEB76800407CA4 /* block_teal@2x.png */; };
		56216C4713CEB76800407CA4 /* block_yellow.png in Resources */ = {isa = PBXBuildFile; fileRef = 56216C3913CEB76800407CA4 /* block_yellow.png */; };
		56216C4813CEB76800407CA4 /* block_yellow@2x.png in Resources */ = {isa = PBXBuildFile; fileRef = 56216C3A13CEB76800407CA4 /* block_yellow@2x.png */; };
		567E4BD913CC27BE00324683 /* UIKit.framework in Frameworks */ = {isa = PBXBuildFile; fileRef = 567E4BD813CC27BE00324683 /* UIKit.framework */; };
		567E4BDB13CC27BE00324683 /* Foundation.framework in Frameworks */ = {isa = PBXBuildFile; fileRef = 567E4BDA13CC27BE00324683 /* Foundation.framework */; };
		567E4BDD13CC27BE00324683 /* CoreGraphics.framework in Frameworks */ = {isa = PBXBuildFile; fileRef = 567E4BDC13CC27BE00324683 /* CoreGraphics.framework */; };
		567E4BE313CC27BE00324683 /* InfoPlist.strings in Resources */ = {isa = PBXBuildFile; fileRef = 567E4BE113CC27BE00324683 /* InfoPlist.strings */; };
		567E4BE513CC27BE00324683 /* main.m in Sources */ = {isa = PBXBuildFile; fileRef = 567E4BE413CC27BE00324683 /* main.m */; };
		567E4BE913CC27BE00324683 /* PLTetrisAppDelegate.m in Sources */ = {isa = PBXBuildFile; fileRef = 567E4BE813CC27BE00324683 /* PLTetrisAppDelegate.m */; };
		567E4BF213CC284B00324683 /* UITetrisViewController.m in Sources */ = {isa = PBXBuildFile; fileRef = 567E4BF113CC284B00324683 /* UITetrisViewController.m */; };
		567E4BF513CC289900324683 /* PLTetrisView.m in Sources */ = {isa = PBXBuildFile; fileRef = 567E4BF413CC289900324683 /* PLTetrisView.m */; };
		567E4BF813CC2AC400324683 /* PLTetrisGame.m in Sources */ = {isa = PBXBuildFile; fileRef = 567E4BF713CC2AC400324683 /* PLTetrisGame.m */; };
		567E4BFB13CC2BAF00324683 /* PLTetronimo.m in Sources */ = {isa = PBXBuildFile; fileRef = 567E4BFA13CC2BAF00324683 /* PLTetronimo.m */; };
		5680E3C713D95A9400D5B681 /* tetris_board.png in Resources */ = {isa = PBXBuildFile; fileRef = 5680E3C513D95A9400D5B681 /* tetris_board.png */; };
		5680E3C813D95A9400D5B681 /* tetris_board@2x.png in Resources */ = {isa = PBXBuildFile; fileRef = 5680E3C613D95A9400D5B681 /* tetris_board@2x.png */; };
		5680E3CC13D96AF200D5B681 /* AVFoundation.framework in Frameworks */ = {isa = PBXBuildFile; fileRef = 5680E3CB13D96AF200D5B681 /* AVFoundation.framework */; };
		5680E3D113D96E2B00D5B681 /* tetris.caf in Resources */ = {isa = PBXBuildFile; fileRef = 5680E3D013D96E2B00D5B681 /* tetris.caf */; };
/* End PBXBuildFile section */

/* Begin PBXFileReference section */
		5615FC8413D585F2000C8880 /* icon.png */ = {isa = PBXFileReference; lastKnownFileType = image.png; name = icon.png; path = ../icon.png; sourceTree = "<group>"; };
		5615FC8713D585F5000C8880 /* icon@2x.png */ = {isa = PBXFileReference; lastKnownFileType = image.png; name = "icon@2x.png"; path = "../icon@2x.png"; sourceTree = "<group>"; };
		56216C2D13CEB76800407CA4 /* block_blue.png */ = {isa = PBXFileReference; lastKnownFileType = image.png; path = block_blue.png; sourceTree = "<group>"; };
		56216C2E13CEB76800407CA4 /* block_blue@2x.png */ = {isa = PBXFileReference; lastKnownFileType = image.png; path = "block_blue@2x.png"; sourceTree = "<group>"; };
		56216C2F13CEB76800407CA4 /* block_green.png */ = {isa = PBXFileReference; lastKnownFileType = image.png; path = block_green.png; sourceTree = "<group>"; };
		56216C3013CEB76800407CA4 /* block_green@2x.png */ = {isa = PBXFileReference; lastKnownFileType = image.png; path = "block_green@2x.png"; sourceTree = "<group>"; };
		56216C3113CEB76800407CA4 /* block_orange.png */ = {isa = PBXFileReference; lastKnownFileType = image.png; path = block_orange.png; sourceTree = "<group>"; };
		56216C3213CEB76800407CA4 /* block_orange@2x.png */ = {isa = PBXFileReference; lastKnownFileType = image.png; path = "block_orange@2x.png"; sourceTree = "<group>"; };
		56216C3313CEB76800407CA4 /* block_purple.png */ = {isa = PBXFileReference; lastKnownFileType = image.png; path = block_purple.png; sourceTree = "<group>"; };
		56216C3413CEB76800407CA4 /* block_purple@2x.png */ = {isa = PBXFileReference; lastKnownFileType = image.png; path = "block_purple@2x.png"; sourceTree = "<group>"; };
		56216C3513CEB76800407CA4 /* block_red.png */ = {isa = PBXFileReference; lastKnownFileType = image.png; path = block_red.png; sourceTree = "<group>"; };
		56216C3613CEB76800407CA4 /* block_red@2x.png */ = {isa = PBXFileReference; lastKnownFileType = image.png; path = "block_red@2x.png"; sourceTree = "<group>"; };
		56216C3713CEB76800407CA4 /* block_teal.png */ = {isa = PBXFileReference; lastKnownFileType = image.png; path = block_teal.png; sourceTree = "<group>"; };
		56216C3813CEB76800407CA4 /* block_teal@2x.png */ = {isa = PBXFileReference; lastKnownFileType = image.png; path = "block_teal@2x.png"; sourceTree = "<group>"; };
		56216C3913CEB76800407CA4 /* block_yellow.png */ = {isa = PBXFileReference; lastKnownFileType = image.png; path = block_yellow.png; sourceTree = "<group>"; };
		56216C3A13CEB76800407CA4 /* block_yellow@2x.png */ = {isa = PBXFileReference; lastKnownFileType = image.png; path = "block_yellow@2x.png"; sourceTree = "<group>"; };
		567E4BD413CC27BE00324683 /* PLTetris.app */ = {isa = PBXFileReference; explicitFileType = wrapper.application; includeInIndex = 0; path = PLTetris.app; sourceTree = BUILT_PRODUCTS_DIR; };
		567E4BD813CC27BE00324683 /* UIKit.framework */ = {isa = PBXFileReference; lastKnownFileType = wrapper.framework; name = UIKit.framework; path = System/Library/Frameworks/UIKit.framework; sourceTree = SDKROOT; };
		567E4BDA13CC27BE00324683 /* Foundation.framework */ = {isa = PBXFileReference; lastKnownFileType = wrapper.framework; name = Foundation.framework; path = System/Library/Frameworks/Foundation.framework; sourceTree = SDKROOT; };
		567E4BDC13CC27BE00324683 /* CoreGraphics.framework */ = {isa = PBXFileReference; lastKnownFileType = wrapper.framework; name = CoreGraphics.framework; path = System/Library/Frameworks/CoreGraphics.framework; sourceTree = SDKROOT; };
		567E4BE013CC27BE00324683 /* PLTetris-Info.plist */ = {isa = PBXFileReference; lastKnownFileType = text.plist.xml; path = "PLTetris-Info.plist"; sourceTree = "<group>"; };
		567E4BE213CC27BE00324683 /* en */ = {isa = PBXFileReference; lastKnownFileType = text.plist.strings; name = en; path = en.lproj/InfoPlist.strings; sourceTree = "<group>"; };
		567E4BE413CC27BE00324683 /* main.m */ = {isa = PBXFileReference; lastKnownFileType = sourcecode.c.objc; path = main.m; sourceTree = "<group>"; };
		567E4BE613CC27BE00324683 /* PLTetris-Prefix.pch */ = {isa = PBXFileReference; lastKnownFileType = sourcecode.c.h; path = "PLTetris-Prefix.pch"; sourceTree = "<group>"; };
		567E4BE713CC27BE00324683 /* PLTetrisAppDelegate.h */ = {isa = PBXFileReference; lastKnownFileType = sourcecode.c.h; path = PLTetrisAppDelegate.h; sourceTree = "<group>"; };
		567E4BE813CC27BE00324683 /* PLTetrisAppDelegate.m */ = {isa = PBXFileReference; lastKnownFileType = sourcecode.c.objc; path = PLTetrisAppDelegate.m; sourceTree = "<group>"; };
		567E4BF013CC284B00324683 /* UITetrisViewController.h */ = {isa = PBXFileReference; fileEncoding = 4; path = UITetrisViewController.h; sourceTree = "<group>"; };
		567E4BF113CC284B00324683 /* UITetrisViewController.m */ = {isa = PBXFileReference; fileEncoding = 4; lastKnownFileType = sourcecode.c.objc; path = UITetrisViewController.m; sourceTree = "<group>"; };
		567E4BF313CC289900324683 /* PLTetrisView.h */ = {isa = PBXFileReference; fileEncoding = 4; lastKnownFileType = sourcecode.c.h; path = PLTetrisView.h; sourceTree = "<group>"; };
		567E4BF413CC289900324683 /* PLTetrisView.m */ = {isa = PBXFileReference; fileEncoding = 4; lastKnownFileType = sourcecode.c.objc; path = PLTetrisView.m; sourceTree = "<group>"; };
		567E4BF613CC2AC400324683 /* PLTetrisGame.h */ = {isa = PBXFileReference; fileEncoding = 4; lastKnownFileType = sourcecode.c.h; path = PLTetrisGame.h; sourceTree = "<group>"; };
		567E4BF713CC2AC400324683 /* PLTetrisGame.m */ = {isa = PBXFileReference; fileEncoding = 4; lastKnownFileType = sourcecode.c.objc; path = PLTetrisGame.m; sourceTree = "<group>"; };
		567E4BF913CC2BAF00324683 /* PLTetronimo.h */ = {isa = PBXFileReference; fileEncoding = 4; lastKnownFileType = sourcecode.c.h; path = PLTetronimo.h; sourceTree = "<group>"; };
		567E4BFA13CC2BAF00324683 /* PLTetronimo.m */ = {isa = PBXFileReference; fileEncoding = 4; lastKnownFileType = sourcecode.c.objc; path = PLTetronimo.m; sourceTree = "<group>"; };
		5680E3C513D95A9400D5B681 /* tetris_board.png */ = {isa = PBXFileReference; lastKnownFileType = image.png; path = tetris_board.png; sourceTree = "<group>"; };
		5680E3C613D95A9400D5B681 /* tetris_board@2x.png */ = {isa = PBXFileReference; lastKnownFileType = image.png; path = "tetris_board@2x.png"; sourceTree = "<group>"; };
		5680E3CB13D96AF200D5B681 /* AVFoundation.framework */ = {isa = PBXFileReference; lastKnownFileType = wrapper.framework; name = AVFoundation.framework; path = System/Library/Frameworks/AVFoundation.framework; sourceTree = SDKROOT; };
		5680E3D013D96E2B00D5B681 /* tetris.caf */ = {isa = PBXFileReference; lastKnownFileType = file; path = tetris.caf; sourceTree = "<group>"; };
/* End PBXFileReference section */

/* Begin PBXFrameworksBuildPhase section */
		567E4BD113CC27BE00324683 /* Frameworks */ = {
			isa = PBXFrameworksBuildPhase;
			buildActionMask = 2147483647;
			files = (
				5680E3CC13D96AF200D5B681 /* AVFoundation.framework in Frameworks */,
				567E4BD913CC27BE00324683 /* UIKit.framework in Frameworks */,
				567E4BDB13CC27BE00324683 /* Foundation.framework in Frameworks */,
				567E4BDD13CC27BE00324683 /* CoreGraphics.framework in Frameworks */,
			);
			runOnlyForDeploymentPostprocessing = 0;
		};
/* End PBXFrameworksBuildPhase section */

/* Begin PBXGroup section */
		56216C2C13CEB76800407CA4 /* Images */ = {
			isa = PBXGroup;
			children = (
				56216C2D13CEB76800407CA4 /* block_blue.png */,
				56216C2E13CEB76800407CA4 /* block_blue@2x.png */,
				56216C2F13CEB76800407CA4 /* block_green.png */,
				56216C3013CEB76800407CA4 /* block_green@2x.png */,
				56216C3113CEB76800407CA4 /* block_orange.png */,
				56216C3213CEB76800407CA4 /* block_orange@2x.png */,
				56216C3313CEB76800407CA4 /* block_purple.png */,
				56216C3413CEB76800407CA4 /* block_purple@2x.png */,
				56216C3513CEB76800407CA4 /* block_red.png */,
				56216C3613CEB76800407CA4 /* block_red@2x.png */,
				56216C3713CEB76800407CA4 /* block_teal.png */,
				56216C3813CEB76800407CA4 /* block_teal@2x.png */,
				56216C3913CEB76800407CA4 /* block_yellow.png */,
				56216C3A13CEB76800407CA4 /* block_yellow@2x.png */,
				5680E3C513D95A9400D5B681 /* tetris_board.png */,
				5680E3C613D95A9400D5B681 /* tetris_board@2x.png */,
			);
			path = Images;
			sourceTree = "<group>";
		};
		567E4BC913CC27BE00324683 = {
			isa = PBXGroup;
			children = (
				567E4BDE13CC27BE00324683 /* UITetris */,
				567E4BD713CC27BE00324683 /* Frameworks */,
				567E4BD513CC27BE00324683 /* Products */,
			);
			sourceTree = "<group>";
		};
		567E4BD513CC27BE00324683 /* Products */ = {
			isa = PBXGroup;
			children = (
				567E4BD413CC27BE00324683 /* PLTetris.app */,
			);
			name = Products;
			sourceTree = "<group>";
		};
		567E4BD713CC27BE00324683 /* Frameworks */ = {
			isa = PBXGroup;
			children = (
				5680E3CB13D96AF200D5B681 /* AVFoundation.framework */,
				567E4BD813CC27BE00324683 /* UIKit.framework */,
				567E4BDA13CC27BE00324683 /* Foundation.framework */,
				567E4BDC13CC27BE00324683 /* CoreGraphics.framework */,
			);
			name = Frameworks;
			sourceTree = "<group>";
		};
		567E4BDE13CC27BE00324683 /* UITetris */ = {
			isa = PBXGroup;
			children = (
				567E4BEF13CC283200324683 /* UITetris */,
				567E4BE713CC27BE00324683 /* PLTetrisAppDelegate.h */,
				567E4BE813CC27BE00324683 /* PLTetrisAppDelegate.m */,
				567E4BDF13CC27BE00324683 /* Supporting Files */,
			);
			name = UITetris;
			path = PLTetris;
			sourceTree = "<group>";
		};
		567E4BDF13CC27BE00324683 /* Supporting Files */ = {
			isa = PBXGroup;
			children = (
				5615FC8713D585F5000C8880 /* icon@2x.png */,
				5615FC8413D585F2000C8880 /* icon.png */,
				567E4BE013CC27BE00324683 /* PLTetris-Info.plist */,
				567E4BE113CC27BE00324683 /* InfoPlist.strings */,
				567E4BE413CC27BE00324683 /* main.m */,
				567E4BE613CC27BE00324683 /* PLTetris-Prefix.pch */,
			);
			name = "Supporting Files";
			sourceTree = "<group>";
		};
		567E4BEF13CC283200324683 /* UITetris */ = {
			isa = PBXGroup;
			children = (
				5680E3CF13D96E2B00D5B681 /* Sound */,
				56216C2C13CEB76800407CA4 /* Images */,
				567E4BF013CC284B00324683 /* UITetrisViewController.h */,
				567E4BF113CC284B00324683 /* UITetrisViewController.m */,
				567E4BF313CC289900324683 /* PLTetrisView.h */,
				567E4BF413CC289900324683 /* PLTetrisView.m */,
				567E4BF613CC2AC400324683 /* PLTetrisGame.h */,
				567E4BF713CC2AC400324683 /* PLTetrisGame.m */,
				567E4BF913CC2BAF00324683 /* PLTetronimo.h */,
				567E4BFA13CC2BAF00324683 /* PLTetronimo.m */,
			);
			name = UITetris;
			path = PLTetris;
			sourceTree = "<group>";
		};
		5680E3CF13D96E2B00D5B681 /* Sound */ = {
			isa = PBXGroup;
			children = (
				5680E3D013D96E2B00D5B681 /* tetris.caf */,
			);
			path = Sound;
			sourceTree = "<group>";
		};
/* End PBXGroup section */

/* Begin PBXNativeTarget section */
		567E4BD313CC27BE00324683 /* PLTetris */ = {
			isa = PBXNativeTarget;
			buildConfigurationList = 567E4BEC13CC27BE00324683 /* Build configuration list for PBXNativeTarget "PLTetris" */;
			buildPhases = (
				567E4BD013CC27BE00324683 /* Sources */,
				567E4BD113CC27BE00324683 /* Frameworks */,
				567E4BD213CC27BE00324683 /* Resources */,
			);
			buildRules = (
			);
			dependencies = (
			);
			name = PLTetris;
			productName = PLTetris;
			productReference = 567E4BD413CC27BE00324683 /* PLTetris.app */;
			productType = "com.apple.product-type.application";
		};
/* End PBXNativeTarget section */

/* Begin PBXProject section */
		567E4BCB13CC27BE00324683 /* Project object */ = {
			isa = PBXProject;
			attributes = {
				LastUpgradeCheck = 0420;
				ORGANIZATIONNAME = omegaHern;
			};
			buildConfigurationList = 567E4BCE13CC27BE00324683 /* Build configuration list for PBXProject "PLTetris" */;
			compatibilityVersion = "Xcode 3.2";
			developmentRegion = English;
			hasScannedForEncodings = 0;
			knownRegions = (
				en,
			);
			mainGroup = 567E4BC913CC27BE00324683;
			productRefGroup = 567E4BD513CC27BE00324683 /* Products */;
			projectDirPath = "";
			projectRoot = "";
			targets = (
				567E4BD313CC27BE00324683 /* PLTetris */,
			);
		};
/* End PBXProject section */

/* Begin PBXResourcesBuildPhase section */
		567E4BD213CC27BE00324683 /* Resources */ = {
			isa = PBXResourcesBuildPhase;
			buildActionMask = 2147483647;
			files = (
				567E4BE313CC27BE00324683 /* InfoPlist.strings in Resources */,
				56216C3B13CEB76800407CA4 /* block_blue.png in Resources */,
				56216C3C13CEB76800407CA4 /* block_blue@2x.png in Resources */,
				56216C3D13CEB76800407CA4 /* block_green.png in Resources */,
				56216C3E13CEB76800407CA4 /* block_green@2x.png in Resources */,
				56216C3F13CEB76800407CA4 /* block_orange.png in Resources */,
				56216C4013CEB76800407CA4 /* block_orange@2x.png in Resources */,
				56216C4113CEB76800407CA4 /* block_purple.png in Resources */,
				56216C4213CEB76800407CA4 /* block_purple@2x.png in Resources */,
				56216C4313CEB76800407CA4 /* block_red.png in Resources */,
				56216C4413CEB76800407CA4 /* block_red@2x.png in Resources */,
				56216C4513CEB76800407CA4 /* block_teal.png in Resources */,
				56216C4613CEB76800407CA4 /* block_teal@2x.png in Resources */,
				56216C4713CEB76800407CA4 /* block_yellow.png in Resources */,
				56216C4813CEB76800407CA4 /* block_yellow@2x.png in Resources */,
				5615FC8513D585F2000C8880 /* icon.png in Resources */,
				5615FC8813D585F5000C8880 /* icon@2x.png in Resources */,
				5680E3C713D95A9400D5B681 /* tetris_board.png in Resources */,
				5680E3C813D95A9400D5B681 /* tetris_board@2x.png in Resources */,
				5680E3D113D96E2B00D5B681 /* tetris.caf in Resources */,
			);
			runOnlyForDeploymentPostprocessing = 0;
		};
/* End PBXResourcesBuildPhase section */

/* Begin PBXSourcesBuildPhase section */
		567E4BD013CC27BE00324683 /* Sources */ = {
			isa = PBXSourcesBuildPhase;
			buildActionMask = 2147483647;
			files = (
				567E4BE513CC27BE00324683 /* main.m in Sources */,
				567E4BE913CC27BE00324683 /* PLTetrisAppDelegate.m in Sources */,
				567E4BF213CC284B00324683 /* UITetrisViewController.m in Sources */,
				567E4BF513CC289900324683 /* PLTetrisView.m in Sources */,
				567E4BF813CC2AC400324683 /* PLTetrisGame.m in Sources */,
				567E4BFB13CC2BAF00324683 /* PLTetronimo.m in Sources */,
			);
			runOnlyForDeploymentPostprocessing = 0;
		};
/* End PBXSourcesBuildPhase section */

/* Begin PBXVariantGroup section */
		567E4BE113CC27BE00324683 /* InfoPlist.strings */ = {
			isa = PBXVariantGroup;
			children = (
				567E4BE213CC27BE00324683 /* en */,
			);
			name = InfoPlist.strings;
			sourceTree = "<group>";
		};
/* End PBXVariantGroup section */

/* Begin XCBuildConfiguration section */
		567E4BEA13CC27BE00324683 /* Debug */ = {
			isa = XCBuildConfiguration;
			buildSettings = {
				ALWAYS_SEARCH_USER_PATHS = NO;
				ARCHS = "$(ARCHS_STANDARD_32_BIT)";
				CLANG_ENABLE_OBJC_ARC = YES;
				"CODE_SIGN_IDENTITY[sdk=iphoneos*]" = "iPhone Developer";
				COPY_PHASE_STRIP = NO;
				GCC_C_LANGUAGE_STANDARD = gnu99;
				GCC_DYNAMIC_NO_PIC = NO;
				GCC_OPTIMIZATION_LEVEL = 0;
				GCC_PREPROCESSOR_DEFINITIONS = (
					"DEBUG=1",
					"$(inherited)",
				);
				GCC_SYMBOLS_PRIVATE_EXTERN = NO;
				GCC_VERSION = com.apple.compilers.llvm.clang.1_0;
				GCC_WARN_ABOUT_MISSING_PROTOTYPES = YES;
				GCC_WARN_ABOUT_RETURN_TYPE = YES;
				GCC_WARN_UNUSED_VARIABLE = YES;
				IPHONEOS_DEPLOYMENT_TARGET = 4.0;
				SDKROOT = iphoneos;
			};
			name = Debug;
		};
		567E4BEB13CC27BE00324683 /* Release */ = {
			isa = XCBuildConfiguration;
			buildSettings = {
				ALWAYS_SEARCH_USER_PATHS = NO;
				ARCHS = "$(ARCHS_STANDARD_32_BIT)";
				CLANG_ENABLE_OBJC_ARC = YES;
				"CODE_SIGN_IDENTITY[sdk=iphoneos*]" = "iPhone Developer";
				COPY_PHASE_STRIP = YES;
				GCC_C_LANGUAGE_STANDARD = gnu99;
				GCC_VERSION = com.apple.compilers.llvm.clang.1_0;
				GCC_WARN_ABOUT_MISSING_PROTOTYPES = YES;
				GCC_WARN_ABOUT_RETURN_TYPE = YES;
				GCC_WARN_UNUSED_VARIABLE = YES;
				IPHONEOS_DEPLOYMENT_TARGET = 4.0;
				OTHER_CFLAGS = "-DNS_BLOCK_ASSERTIONS=1";
				SDKROOT = iphoneos;
				VALIDATE_PRODUCT = YES;
			};
			name = Release;
		};
		567E4BED13CC27BE00324683 /* Debug */ = {
			isa = XCBuildConfiguration;
			buildSettings = {
				CLANG_ENABLE_OBJC_ARC = NO;
				CLANG_WARN_OBJCPP_ARC_ABI = YES;
				GCC_PRECOMPILE_PREFIX_HEADER = YES;
				GCC_PREFIX_HEADER = "PLTetris/PLTetris-Prefix.pch";
				INFOPLIST_FILE = "PLTetris/PLTetris-Info.plist";
				PRODUCT_NAME = "$(TARGET_NAME)";
				WRAPPER_EXTENSION = app;
			};
			name = Debug;
		};
		567E4BEE13CC27BE00324683 /* Release */ = {
			isa = XCBuildConfiguration;
			buildSettings = {
				CLANG_ENABLE_OBJC_ARC = NO;
				CLANG_WARN_OBJCPP_ARC_ABI = YES;
				GCC_PRECOMPILE_PREFIX_HEADER = YES;
				GCC_PREFIX_HEADER = "PLTetris/PLTetris-Prefix.pch";
				INFOPLIST_FILE = "PLTetris/PLTetris-Info.plist";
				PRODUCT_NAME = "$(TARGET_NAME)";
				WRAPPER_EXTENSION = app;
			};
			name = Release;
		};
/* End XCBuildConfiguration section */

/* Begin XCConfigurationList section */
		567E4BCE13CC27BE00324683 /* Build configuration list for PBXProject "PLTetris" */ = {
			isa = XCConfigurationList;
			buildConfigurations = (
				567E4BEA13CC27BE00324683 /* Debug */,
				567E4BEB13CC27BE00324683 /* Release */,
			);
			defaultConfigurationIsVisible = 0;
			defaultConfigurationName = Release;
		};
		567E4BEC13CC27BE00324683 /* Build configuration list for PBXNativeTarget "PLTetris" */ = {
			isa = XCConfigurationList;
			buildConfigurations = (
				567E4BED13CC27BE00324683 /* Debug */,
				567E4BEE13CC27BE00324683 /* Release */,
			);
			defaultConfigurationIsVisible = 0;
			defaultConfigurationName = Release;
		};
/* End XCConfigurationList section */
	};
	rootObject = 567E4BCB13CC27BE00324683 /* Project object */;
}
